
Microsoft Visual Studio Solution File, Format Version 12.00
# Visual Studio 14
VisualStudioVersion = 14.0.24720.0
MinimumVisualStudioVersion = 10.0.40219.1
Project("{FAE04EC0-301F-11D3-BF4B-00C04F79EFBC}") = "Ecommerce1", "Ecommerce1\Ecommerce1.csproj", "{5AEA607F-6678-4887-AFE2-D73241079BDA}"
EndProject
Project("{FAE04EC0-301F-11D3-BF4B-00C04F79EFBC}") = "Admin", "Admin\Admin.csproj", "{DBC77DBF-A194-4E0F-8424-32E197C2101D}"
EndProject
Global
	GlobalSection(SolutionConfigurationPlatforms) = preSolution
		Debug|Any CPU = Debug|Any CPU
		Release|Any CPU = Release|Any CPU
	EndGlobalSection
	GlobalSection(ProjectConfigurationPlatforms) = postSolution
		{5AEA607F-6678-4887-AFE2-D73241079BDA}.Debug|Any CPU.ActiveCfg = Debug|Any CPU
		{5AEA607F-6678-4887-AFE2-D73241079BDA}.Debug|Any CPU.Build.0 = Debug|Any CPU
		{5AEA607F-6678-4887-AFE2-D73241079BDA}.Release|Any CPU.ActiveCfg = Release|Any CPU
		{5AEA607F-6678-4887-AFE2-D73241079BDA}.Release|Any CPU.Build.0 = Release|Any CPU
		{DBC77DBF-A194-4E0F-8424-32E197C2101D}.Debug|Any CPU.ActiveCfg = Debug|Any CPU
		{DBC77DBF-A194-4E0F-8424-32E197C2101D}.Debug|Any CPU.Build.0 = Debug|Any CPU
		{DBC77DBF-A194-4E0F-8424-32E197C2101D}.Release|Any CPU.ActiveCfg = Release|Any CPU
		{DBC77DBF-A194-4E0F-8424-32E197C2101D}.Release|Any CPU.Build.0 = Release|Any CPU
	EndGlobalSection
	GlobalSection(SolutionProperties) = preSolution
		HideSolutionNode = FALSE
	EndGlobalSection
EndGlobal
